
Microsoft Visual Studio Solution File, Format Version 12.00
# Visual Studio Version 17
VisualStudioVersion = 17.7.34221.43
MinimumVisualStudioVersion = 10.0.40219.1
Project("{FAE04EC0-301F-11D3-BF4B-00C04F79EFBC}") = "MPP-Client-C#", "MPP-Client-C#\MPP-Client-C#.csproj", "{8ED676EB-3DE2-4649-80C5-325BA8122D53}"
EndProject
Global
	GlobalSection(SolutionConfigurationPlatforms) = preSolution
		Debug|Any CPU = Debug|Any CPU
		Release|Any CPU = Release|Any CPU
	EndGlobalSection
	GlobalSection(ProjectConfigurationPlatforms) = postSolution
		{8ED676EB-3DE2-4649-80C5-325BA8122D53}.Debug|Any CPU.ActiveCfg = Debug|Any CPU
		{8ED676EB-3DE2-4649-80C5-325BA8122D53}.Debug|Any CPU.Build.0 = Debug|Any CPU
		{8ED676EB-3DE2-4649-80C5-325BA8122D53}.Release|Any CPU.ActiveCfg = Release|Any CPU
		{8ED676EB-3DE2-4649-80C5-325BA8122D53}.Release|Any CPU.Build.0 = Release|Any CPU
	EndGlobalSection
	GlobalSection(SolutionProperties) = preSolution
		HideSolutionNode = FALSE
	EndGlobalSection
	GlobalSection(ExtensibilityGlobals) = postSolution
		SolutionGuid = {E7E49200-0C6C-4A89-BDE7-68A7680C6867}
	EndGlobalSection
EndGlobal
